<?xml version="1.0" encoding="UTF-8"?>
<!DOCTYPE plist PUBLIC "-//Apple//DTD PLIST 1.0//EN" "http://www.apple.com/DTDs/PropertyList-1.0.dtd">
<plist version="1.0">
<dict>
	<key>archiveVersion</key>
	<string>1</string>
	<key>classes</key>
	<dict/>
	<key>objectVersion</key>
	<string>56</string>
	<key>objects</key>
	<dict>
		<key>08FB7796FE84155DC02AAC07</key>
		<dict>
			<key>children</key>
			<array>
				<string>08FB7797FE84155DC02AAC07</string>
				<string>6F0B8C092B5F8A1A00A1C8D7</string>
				<string>6F0B8C0A2B5F8A1A00A1C8D7</string>
				<string>6F0B8C0B2B5F8A1A00A1C8D7</string>
				<string>6F0B8C0C2B5F8A1A00A1C8D7</string>
				<string>9dbdd180c2773f6f4c149f2e</string>
				<string>98216c3d7734e473dc860dc8</string>
				<string>c5015596500de6e5e9f6e086</string>
			</array>
			<key>isa</key>
			<string>PBXGroup</string>
			<key>name</key>
			<string>CPU Meter</string>
			<key>sourceTree</key>
			<string>SOURCE_ROOT</string>
		</dict>
		<key>08FB7797FE84155DC02AAC07</key>
		<dict>
			<key>explicitFileType</key>
			<string>sourcecode.swift</string>
			<key>isa</key>
			<string>PBXFileReference</string>
			<key>name</key>
			<string>CPUMeter.swift</string>
			<key>path</key>
			<string>CPUMeter/CPUMeter.swift</string>
			<key>sourceTree</key>
			<string>SOURCE_ROOT</string>
		</dict>
		<key>08FB7798FE84155DC02AAC07</key>
		<dict>
			<key>fileRef</key>
			<string>08FB7797FE84155DC02AAC07</string>
			<key>isa</key>
			<string>PBXBuildFile</string>
		</dict>
		<key>19C313AEFEEC7853004C2DCA</key>
		<dict>
			<key>explicitFileType</key>
			<string>wrapper.framework</string>
			<key>isa</key>
			<string>PBXFileReference</string>
			<key>name</key>
			<string>Foundation.framework</string>
			<key>path</key>
			<string>/System/Library/Frameworks/Foundation.framework</string>
			<key>sourceTree</key>
			<string>ABSOLUTE</string>
		</dict>
		<key>1D3623260D0F684500981E48</key>
		<dict>
			<key>isa</key>
			<string>PBXFileReference</string>
			<key>lastKnownFileType</key>
			<string>file.plist</string>
			<key>name</key>
			<string>Info.plist</string>
			<key>path</key>
			<string>CPUMeter/Info.plist</string>
			<key>sourceTree</key>
			<string>SOURCE_ROOT</string>
		</dict>
		<key>29B97313FDCFA39411CA2CEA</key>
		<dict>
			<key>children</key>
			<array>
				<string>29B97315FDCFA39411CA2CEA</string>
				<string>29B97317FDCFA39411CA2CEA</string>
				<string>19C313AEFEEC7853004C2DCA</string>
			</array>
			<key>isa</key>
			<string>PBXGroup</string>
			<key>sourceTree</key>
			<string>SOURCE_ROOT</string>
		</dict>
		<key>29B97314FDCFA39411CA2CEA</key>
		<dict>
			<key>attributes</key>
			<dict>
				<key>BuildIndependentTargetsInParallel</key>
				<string>1</string>
				<key>LastUpgradeCheck</key>
				<string>1500</string>
				<key>TargetAttributes</key>
				<dict>
					<key>29B97316FDCFA39411CA2CEA</key>
					<dict>
						<key>CreatedOnToolsVersion</key>
						<string>15.0</string>
					</dict>
					<key>D10000000000000000000001</key>
					<dict>
						<key>CreatedOnToolsVersion</key>
						<string>15.0</string>
						<key>TestTargetID</key>
						<string>29B97316FDCFA39411CA2CEA</string>
					</dict>
				</dict>
			</dict>
			<key>buildConfigurationList</key>
			<string>C01FCF4FFEEF11D20DC60CFA</string>
			<key>compatibilityVersion</key>
			<string>Xcode 14.0</string>
			<key>developmentRegion</key>
			<string>en</string>
			<key>hasScannedForEncodings</key>
			<string>1</string>
			<key>isa</key>
			<string>PBXProject</string>
			<key>knownRegions</key>
			<array>
				<string>en</string>
				<string>Base</string>
			</array>
			<key>mainGroup</key>
			<string>29B97313FDCFA39411CA2CEA</string>
			<key>projectDirPath</key>
			<string></string>
			<key>projectRoot</key>
			<string></string>
			<key>targets</key>
			<array>
				<string>29B97316FDCFA39411CA2CEA</string>
				<string>D10000000000000000000001</string>
			</array>
		</dict>
		<key>29B97315FDCFA39411CA2CEA</key>
		<dict>
			<key>children</key>
			<array>
				<string>08FB7796FE84155DC02AAC07</string>
				<string>1D3623260D0F684500981E48</string>
				<string>D00000000000000000000010</string>
				<string>D00000000000000000000011</string>
			</array>
			<key>isa</key>
			<string>PBXGroup</string>
			<key>name</key>
			<string>Sources</string>
			<key>sourceTree</key>
			<string>SOURCE_ROOT</string>
		</dict>
		<key>29B97316FDCFA39411CA2CEA</key>
		<dict>
			<key>buildConfigurationList</key>
			<string>C01FCF4CFEEF11D20DC60CFA</string>
			<key>buildPhases</key>
			<array>
				<string>29B97318FDCFA39411CA2CEA</string>
				<string>29B9731DFDCFA39411CA2CEA</string>
			</array>
			<key>buildRules</key>
			<array/>
			<key>dependencies</key>
			<array/>
			<key>isa</key>
			<string>PBXNativeTarget</string>
			<key>name</key>
			<string>CPUMeter</string>
			<key>productName</key>
			<string>CPUMeter</string>
			<key>productReference</key>
			<string>EXECUTABLE_NAME</string>
			<key>productType</key>
			<string>com.apple.product-type.application</string>
		</dict>
		<key>29B97317FDCFA39411CA2CEA</key>
		<dict>
			<key>children</key>
			<array>
				<string>29B97323FDCFA39411CA2CEA</string>
			</array>
			<key>isa</key>
			<string>PBXGroup</string>
			<key>name</key>
			<string>Resources</string>
			<key>sourceTree</key>
			<string>SOURCE_ROOT</string>
		</dict>
		<key>29B97318FDCFA39411CA2CEA</key>
		<dict>
			<key>buildActionMask</key>
			<string>2147483647</string>
			<key>files</key>
			<array>
				<string>08FB7798FE84155DC02AAC07</string>
				<string>6F0B8C0D2B5F8A1A00A1C8D7</string>
				<string>6F0B8C0E2B5F8A1A00A1C8D7</string>
				<string>6F0B8C0F2B5F8A1A00A1C8D7</string>
				<string>6F0B8C102B5F8A1A00A1C8D7</string>
				<string>e0715c782c480c14796f58b0</string>
				<string>8139624898a349ada4ed5613</string>
				<string>7fc9ad0de8bca090ceaab513</string>
				<string>D00000000000000000000021</string>
				<string>D00000000000000000000022</string>
				<string>D00000000000000000000023</string>
				<string>D00000000000000000000024</string>
			</array>
			<key>isa</key>
			<string>PBXSourcesBuildPhase</string>
			<key>runOnlyForDeploymentPostprocessing</key>
			<string>0</string>
		</dict>
		<key>29B9731DFDCFA39411CA2CEA</key>
		<dict>
			<key>buildActionMask</key>
			<string>2147483647</string>
			<key>files</key>
			<array>
				<string>AABBCC1100DD2233AABBCC11</string>
			</array>
			<key>isa</key>
			<string>PBXResourcesBuildPhase</string>
			<key>runOnlyForDeploymentPostprocessing</key>
			<string>0</string>
		</dict>
		<key>29B97323FDCFA39411CA2CEA</key>
		<dict>
			<key>isa</key>
			<string>PBXFileReference</string>
			<key>lastKnownFileType</key>
			<string>folder.assetcatalog</string>
			<key>name</key>
			<string>Assets.xcassets</string>
			<key>path</key>
			<string>CPUMeter/Assets.xcassets</string>
			<key>sourceTree</key>
			<string>SOURCE_ROOT</string>
		</dict>
		<key>6F0B8C092B5F8A1A00A1C8D7</key>
		<dict>
			<key>explicitFileType</key>
			<string>sourcecode.swift</string>
			<key>isa</key>
			<string>PBXFileReference</string>
			<key>name</key>
			<string>CPUMonitor.swift</string>
			<key>path</key>
			<string>CPUMeter/CPUMonitor.swift</string>
			<key>sourceTree</key>
			<string>SOURCE_ROOT</string>
		</dict>
		<key>6F0B8C0A2B5F8A1A00A1C8D7</key>
		<dict>
			<key>explicitFileType</key>
			<string>sourcecode.swift</string>
			<key>isa</key>
			<string>PBXFileReference</string>
			<key>name</key>
			<string>StatusBarController.swift</string>
			<key>path</key>
			<string>CPUMeter/StatusBarController.swift</string>
			<key>sourceTree</key>
			<string>SOURCE_ROOT</string>
		</dict>
		<key>6F0B8C0B2B5F8A1A00A1C8D7</key>
		<dict>
			<key>explicitFileType</key>
			<string>sourcecode.swift</string>
			<key>isa</key>
			<string>PBXFileReference</string>
			<key>name</key>
			<string>CPUGraphView.swift</string>
			<key>path</key>
			<string>CPUMeter/CPUGraphView.swift</string>
			<key>sourceTree</key>
			<string>SOURCE_ROOT</string>
		</dict>
		<key>6F0B8C0C2B5F8A1A00A1C8D7</key>
		<dict>
			<key>explicitFileType</key>
			<string>sourcecode.swift</string>
			<key>isa</key>
			<string>PBXFileReference</string>
			<key>name</key>
			<string>ContentView.swift</string>
			<key>path</key>
			<string>CPUMeter/ContentView.swift</string>
			<key>sourceTree</key>
			<string>SOURCE_ROOT</string>
		</dict>
		<key>6F0B8C0D2B5F8A1A00A1C8D7</key>
		<dict>
			<key>fileRef</key>
			<string>6F0B8C092B5F8A1A00A1C8D7</string>
			<key>isa</key>
			<string>PBXBuildFile</string>
		</dict>
		<key>6F0B8C0E2B5F8A1A00A1C8D7</key>
		<dict>
			<key>fileRef</key>
			<string>6F0B8C0A2B5F8A1A00A1C8D7</string>
			<key>isa</key>
			<string>PBXBuildFile</string>
		</dict>
		<key>6F0B8C0F2B5F8A1A00A1C8D7</key>
		<dict>
			<key>fileRef</key>
			<string>6F0B8C0B2B5F8A1A00A1C8D7</string>
			<key>isa</key>
			<string>PBXBuildFile</string>
		</dict>
		<key>6F0B8C102B5F8A1A00A1C8D7</key>
		<dict>
			<key>fileRef</key>
			<string>6F0B8C0C2B5F8A1A00A1C8D7</string>
			<key>isa</key>
			<string>PBXBuildFile</string>
		</dict>
		<key>7fc9ad0de8bca090ceaab513</key>
		<dict>
			<key>fileRef</key>
			<string>c5015596500de6e5e9f6e086</string>
			<key>isa</key>
			<string>PBXBuildFile</string>
		</dict>
		<key>D00000000000000000000010</key>
		<dict>
			<key>children</key>
			<array>
				<string>D00000000000000000000001</string>
				<string>D00000000000000000000002</string>
				<string>D00000000000000000000003</string>
				<string>D00000000000000000000004</string>
			</array>
			<key>isa</key>
			<string>PBXGroup</string>
			<key>name</key>
			<string>Core</string>
			<key>sourceTree</key>
			<string>SOURCE_ROOT</string>
		</dict>
		<key>D00000000000000000000011</key>
		<dict>
			<key>children</key>
			<array>
				<string>D00000000000000000000005</string>
			</array>
			<key>isa</key>
			<string>PBXGroup</string>
			<key>name</key>
			<string>CPUMeterTests</string>
			<key>sourceTree</key>
			<string>SOURCE_ROOT</string>
		</dict>
		<key>D00000000000000000000001</key>
		<dict>
			<key>explicitFileType</key>
			<string>sourcecode.swift</string>
			<key>isa</key>
			<string>PBXFileReference</string>
			<key>name</key>
			<string>AppModels.swift</string>
			<key>path</key>
			<string>CPUMeter/AppModels.swift</string>
			<key>sourceTree</key>
			<string>SOURCE_ROOT</string>
		</dict>
		<key>D00000000000000000000002</key>
		<dict>
			<key>explicitFileType</key>
			<string>sourcecode.swift</string>
			<key>isa</key>
			<string>PBXFileReference</string>
			<key>name</key>
			<string>AppLog.swift</string>
			<key>path</key>
			<string>CPUMeter/AppLog.swift</string>
			<key>sourceTree</key>
			<string>SOURCE_ROOT</string>
		</dict>
		<key>D00000000000000000000003</key>
		<dict>
			<key>explicitFileType</key>
			<string>sourcecode.swift</string>
			<key>isa</key>
			<string>PBXFileReference</string>
			<key>name</key>
			<string>MonitorModel.swift</string>
			<key>path</key>
			<string>CPUMeter/MonitorModel.swift</string>
			<key>sourceTree</key>
			<string>SOURCE_ROOT</string>
		</dict>
		<key>D00000000000000000000004</key>
		<dict>
			<key>explicitFileType</key>
			<string>sourcecode.swift</string>
			<key>isa</key>
			<string>PBXFileReference</string>
			<key>name</key>
			<string>LaunchAtLoginService.swift</string>
			<key>path</key>
			<string>CPUMeter/LaunchAtLoginService.swift</string>
			<key>sourceTree</key>
			<string>SOURCE_ROOT</string>
		</dict>
		<key>D00000000000000000000005</key>
		<dict>
			<key>explicitFileType</key>
			<string>sourcecode.swift</string>
			<key>isa</key>
			<string>PBXFileReference</string>
			<key>name</key>
			<string>ProFoundationTests.swift</string>
			<key>path</key>
			<string>CPUMeterTests/ProFoundationTests.swift</string>
			<key>sourceTree</key>
			<string>SOURCE_ROOT</string>
		</dict>
		<key>D00000000000000000000006</key>
		<dict>
			<key>explicitFileType</key>
			<string>wrapper.cfbundle</string>
			<key>includeInIndex</key>
			<string>0</string>
			<key>isa</key>
			<string>PBXFileReference</string>
			<key>path</key>
			<string>CPUMeterTests.xctest</string>
			<key>sourceTree</key>
			<string>BUILT_PRODUCTS_DIR</string>
		</dict>
		<key>D00000000000000000000021</key>
		<dict>
			<key>fileRef</key>
			<string>D00000000000000000000001</string>
			<key>isa</key>
			<string>PBXBuildFile</string>
		</dict>
		<key>D00000000000000000000022</key>
		<dict>
			<key>fileRef</key>
			<string>D00000000000000000000002</string>
			<key>isa</key>
			<string>PBXBuildFile</string>
		</dict>
		<key>D00000000000000000000023</key>
		<dict>
			<key>fileRef</key>
			<string>D00000000000000000000003</string>
			<key>isa</key>
			<string>PBXBuildFile</string>
		</dict>
		<key>D00000000000000000000024</key>
		<dict>
			<key>fileRef</key>
			<string>D00000000000000000000004</string>
			<key>isa</key>
			<string>PBXBuildFile</string>
		</dict>
		<key>D00000000000000000000025</key>
		<dict>
			<key>fileRef</key>
			<string>D00000000000000000000005</string>
			<key>isa</key>
			<string>PBXBuildFile</string>
		</dict>
		<key>D00000000000000000000026</key>
		<dict>
			<key>fileRef</key>
			<string>D00000000000000000000001</string>
			<key>isa</key>
			<string>PBXBuildFile</string>
		</dict>
		<key>D00000000000000000000027</key>
		<dict>
			<key>fileRef</key>
			<string>D00000000000000000000002</string>
			<key>isa</key>
			<string>PBXBuildFile</string>
		</dict>
		<key>D00000000000000000000028</key>
		<dict>
			<key>fileRef</key>
			<string>D00000000000000000000003</string>
			<key>isa</key>
			<string>PBXBuildFile</string>
		</dict>
		<key>D00000000000000000000029</key>
		<dict>
			<key>fileRef</key>
			<string>D00000000000000000000004</string>
			<key>isa</key>
			<string>PBXBuildFile</string>
		</dict>
		<key>D00000000000000000000030</key>
		<dict>
			<key>fileRef</key>
			<string>9dbdd180c2773f6f4c149f2e</string>
			<key>isa</key>
			<string>PBXBuildFile</string>
		</dict>
		<key>D00000000000000000000031</key>
		<dict>
			<key>fileRef</key>
			<string>c5015596500de6e5e9f6e086</string>
			<key>isa</key>
			<string>PBXBuildFile</string>
		</dict>
		<key>D10000000000000000000001</key>
		<dict>
			<key>buildConfigurationList</key>
			<string>D10000000000000000000004</string>
			<key>buildPhases</key>
			<array>
				<string>D10000000000000000000002</string>
			</array>
			<key>buildRules</key>
			<array/>
			<key>dependencies</key>
			<array/>
			<key>isa</key>
			<string>PBXNativeTarget</string>
			<key>name</key>
			<string>CPUMeterTests</string>
			<key>productName</key>
			<string>CPUMeterTests</string>
			<key>productReference</key>
			<string>D00000000000000000000006</string>
			<key>productType</key>
			<string>com.apple.product-type.bundle.unit-test</string>
		</dict>
		<key>D10000000000000000000002</key>
		<dict>
			<key>buildActionMask</key>
			<string>2147483647</string>
			<key>files</key>
			<array>
				<string>D00000000000000000000025</string>
				<string>D00000000000000000000026</string>
				<string>D00000000000000000000027</string>
				<string>D00000000000000000000028</string>
				<string>D00000000000000000000029</string>
				<string>D00000000000000000000030</string>
				<string>D00000000000000000000031</string>
			</array>
			<key>isa</key>
			<string>PBXSourcesBuildPhase</string>
			<key>runOnlyForDeploymentPostprocessing</key>
			<string>0</string>
		</dict>
		<key>D10000000000000000000003</key>
		<dict>
			<key>buildSettings</key>
			<dict>
				<key>ALWAYS_SEARCH_USER_PATHS</key>
				<string>NO</string>
				<key>CODE_SIGN_IDENTITY</key>
				<string>-</string>
				<key>CODE_SIGN_STYLE</key>
				<string>Manual</string>
				<key>GENERATE_INFOPLIST_FILE</key>
				<string>YES</string>
				<key>INFOPLIST_FILE</key>
				<string></string>
				<key>MACOSX_DEPLOYMENT_TARGET</key>
				<string>12.0</string>
				<key>OTHER_SWIFT_FLAGS</key>
				<string>-D CPUMETER_TESTING</string>
				<key>PRODUCT_BUNDLE_IDENTIFIER</key>
				<string>com.cpumeter.app.tests</string>
				<key>PRODUCT_NAME</key>
				<string>$(TARGET_NAME)</string>
				<key>SDKROOT</key>
				<string>macosx</string>
				<key>SWIFT_VERSION</key>
				<string>5.9</string>
			</dict>
			<key>isa</key>
			<string>XCBuildConfiguration</string>
			<key>name</key>
			<string>Debug</string>
		</dict>
		<key>D10000000000000000000005</key>
		<dict>
			<key>buildSettings</key>
			<dict>
				<key>ALWAYS_SEARCH_USER_PATHS</key>
				<string>NO</string>
				<key>CODE_SIGN_IDENTITY</key>
				<string>-</string>
				<key>CODE_SIGN_STYLE</key>
				<string>Manual</string>
				<key>GENERATE_INFOPLIST_FILE</key>
				<string>YES</string>
				<key>INFOPLIST_FILE</key>
				<string></string>
				<key>MACOSX_DEPLOYMENT_TARGET</key>
				<string>12.0</string>
				<key>OTHER_SWIFT_FLAGS</key>
				<string>-D CPUMETER_TESTING</string>
				<key>PRODUCT_BUNDLE_IDENTIFIER</key>
				<string>com.cpumeter.app.tests</string>
				<key>PRODUCT_NAME</key>
				<string>$(TARGET_NAME)</string>
				<key>SDKROOT</key>
				<string>macosx</string>
				<key>SWIFT_VERSION</key>
				<string>5.9</string>
			</dict>
			<key>isa</key>
			<string>XCBuildConfiguration</string>
			<key>name</key>
			<string>Release</string>
		</dict>
		<key>D10000000000000000000004</key>
		<dict>
			<key>buildConfigurations</key>
			<array>
				<string>D10000000000000000000003</string>
				<string>D10000000000000000000005</string>
			</array>
			<key>defaultConfigurationIsVisible</key>
			<string>0</string>
			<key>defaultConfigurationName</key>
			<string>Release</string>
			<key>isa</key>
			<string>XCConfigurationList</string>
		</dict>
		<key>8139624898a349ada4ed5613</key>
		<dict>
			<key>fileRef</key>
			<string>98216c3d7734e473dc860dc8</string>
			<key>isa</key>
			<string>PBXBuildFile</string>
		</dict>
		<key>98216c3d7734e473dc860dc8</key>
		<dict>
			<key>explicitFileType</key>
			<string>sourcecode.swift</string>
			<key>isa</key>
			<string>PBXFileReference</string>
			<key>name</key>
			<string>SettingsView.swift</string>
			<key>path</key>
			<string>CPUMeter/SettingsView.swift</string>
			<key>sourceTree</key>
			<string>SOURCE_ROOT</string>
		</dict>
		<key>9dbdd180c2773f6f4c149f2e</key>
		<dict>
			<key>explicitFileType</key>
			<string>sourcecode.swift</string>
			<key>isa</key>
			<string>PBXFileReference</string>
			<key>name</key>
			<string>PreferencesManager.swift</string>
			<key>path</key>
			<string>CPUMeter/PreferencesManager.swift</string>
			<key>sourceTree</key>
			<string>SOURCE_ROOT</string>
		</dict>
		<key>AABBCC1100DD2233AABBCC11</key>
		<dict>
			<key>fileRef</key>
			<string>29B97323FDCFA39411CA2CEA</string>
			<key>isa</key>
			<string>PBXBuildFile</string>
		</dict>
		<key>C01FCF4CFEEF11D20DC60CFA</key>
		<dict>
			<key>buildConfigurations</key>
			<array>
				<string>C01FCF4DFEEF11D20DC60CFA</string>
				<string>C01FCF4EFEEF11D20DC60CFA</string>
			</array>
			<key>defaultConfigurationIsVisible</key>
			<string>0</string>
			<key>defaultConfigurationName</key>
			<string>Release</string>
			<key>isa</key>
			<string>XCConfigurationList</string>
		</dict>
		<key>C01FCF4DFEEF11D20DC60CFA</key>
		<dict>
			<key>buildSettings</key>
			<dict>
				<key>ASSETCATALOG_COMPILER_APPICON_NAME</key>
				<string>AppIcon</string>
				<key>ALWAYS_SEARCH_USER_PATHS</key>
				<string>NO</string>
				<key>CODE_SIGN_IDENTITY</key>
				<string>-</string>
				<key>CODE_SIGN_STYLE</key>
				<string>Manual</string>
				<key>INFOPLIST_FILE</key>
				<string>CPUMeter/Info.plist</string>
				<key>MACOSX_DEPLOYMENT_TARGET</key>
				<string>12.0</string>
				<key>MARKETING_VERSION</key>
				<string>1.4</string>
				<key>CURRENT_PROJECT_VERSION</key>
				<string>1</string>
				<key>PRODUCT_BUNDLE_IDENTIFIER</key>
				<string>com.cpumeter.app</string>
				<key>PRODUCT_NAME</key>
				<string>CPUMeter</string>
				<key>SDKROOT</key>
				<string>macosx</string>
				<key>SWIFT_VERSION</key>
				<string>5.9</string>
			</dict>
			<key>isa</key>
			<string>XCBuildConfiguration</string>
			<key>name</key>
			<string>Debug</string>
		</dict>
		<key>C01FCF4EFEEF11D20DC60CFA</key>
		<dict>
			<key>buildSettings</key>
			<dict>
				<key>ASSETCATALOG_COMPILER_APPICON_NAME</key>
				<string>AppIcon</string>
				<key>ALWAYS_SEARCH_USER_PATHS</key>
				<string>NO</string>
				<key>CODE_SIGN_IDENTITY</key>
				<string>Developer ID Application</string>
				<key>CODE_SIGN_INJECT_BASE_ENTITLEMENTS</key>
				<string>NO</string>
				<key>CODE_SIGN_STYLE</key>
				<string>Manual</string>
				<key>ENABLE_HARDENED_RUNTIME</key>
				<string>YES</string>
				<key>INFOPLIST_FILE</key>
				<string>CPUMeter/Info.plist</string>
				<key>MACOSX_DEPLOYMENT_TARGET</key>
				<string>12.0</string>
				<key>MARKETING_VERSION</key>
				<string>1.4</string>
				<key>CURRENT_PROJECT_VERSION</key>
				<string>1</string>
				<key>PRODUCT_BUNDLE_IDENTIFIER</key>
				<string>com.cpumeter.app</string>
				<key>PRODUCT_NAME</key>
				<string>CPUMeter</string>
				<key>SDKROOT</key>
				<string>macosx</string>
				<key>SWIFT_VERSION</key>
				<string>5.9</string>
			</dict>
			<key>isa</key>
			<string>XCBuildConfiguration</string>
			<key>name</key>
			<string>Release</string>
		</dict>
		<key>C01FCF4FFEEF11D20DC60CFA</key>
		<dict>
			<key>buildConfigurations</key>
			<array>
				<string>C01FCF4DFEEF11D20DC60CFA</string>
				<string>C01FCF4EFEEF11D20DC60CFA</string>
			</array>
			<key>defaultConfigurationIsVisible</key>
			<string>0</string>
			<key>defaultConfigurationName</key>
			<string>Release</string>
			<key>isa</key>
			<string>XCConfigurationList</string>
		</dict>
		<key>c5015596500de6e5e9f6e086</key>
		<dict>
			<key>explicitFileType</key>
			<string>sourcecode.swift</string>
			<key>isa</key>
			<string>PBXFileReference</string>
			<key>name</key>
			<string>SingleInstanceManager.swift</string>
			<key>path</key>
			<string>CPUMeter/SingleInstanceManager.swift</string>
			<key>sourceTree</key>
			<string>SOURCE_ROOT</string>
		</dict>
		<key>e0715c782c480c14796f58b0</key>
		<dict>
			<key>fileRef</key>
			<string>9dbdd180c2773f6f4c149f2e</string>
			<key>isa</key>
			<string>PBXBuildFile</string>
		</dict>
	</dict>
	<key>rootObject</key>
	<string>29B97314FDCFA39411CA2CEA</string>
</dict>
</plist>
